
Microsoft Visual Studio Solution File, Format Version 12.00
# Visual Studio Version 16
VisualStudioVersion = 16.0.29215.179
MinimumVisualStudioVersion = 10.0.40219.1
Project("{FAE04EC0-301F-11D3-BF4B-00C04F79EFBC}") = "Skat", "Skat\Skat.csproj", "{C58AF934-F9E3-4F83-8404-39904B188D0B}"
EndProject
Project("{FAE04EC0-301F-11D3-BF4B-00C04F79EFBC}") = "SkatTestUni", "SkatTestUni\SkatTestUni.csproj", "{52CF4D0D-1E76-4604-A341-B260B7A4384A}"
EndProject
Global
	GlobalSection(SolutionConfigurationPlatforms) = preSolution
		Debug|Any CPU = Debug|Any CPU
		Release|Any CPU = Release|Any CPU
	EndGlobalSection
	GlobalSection(ProjectConfigurationPlatforms) = postSolution
		{C58AF934-F9E3-4F83-8404-39904B188D0B}.Debug|Any CPU.ActiveCfg = Debug|Any CPU
		{C58AF934-F9E3-4F83-8404-39904B188D0B}.Debug|Any CPU.Build.0 = Debug|Any CPU
		{C58AF934-F9E3-4F83-8404-39904B188D0B}.Release|Any CPU.ActiveCfg = Release|Any CPU
		{C58AF934-F9E3-4F83-8404-39904B188D0B}.Release|Any CPU.Build.0 = Release|Any CPU
		{52CF4D0D-1E76-4604-A341-B260B7A4384A}.Debug|Any CPU.ActiveCfg = Debug|Any CPU
		{52CF4D0D-1E76-4604-A341-B260B7A4384A}.Debug|Any CPU.Build.0 = Debug|Any CPU
		{52CF4D0D-1E76-4604-A341-B260B7A4384A}.Release|Any CPU.ActiveCfg = Release|Any CPU
		{52CF4D0D-1E76-4604-A341-B260B7A4384A}.Release|Any CPU.Build.0 = Release|Any CPU
	EndGlobalSection
	GlobalSection(SolutionProperties) = preSolution
		HideSolutionNode = FALSE
	EndGlobalSection
	GlobalSection(ExtensibilityGlobals) = postSolution
		SolutionGuid = {EF3F450A-9934-426D-A101-12CF5C8AB508}
	EndGlobalSection
EndGlobal
